
Microsoft Visual Studio Solution File, Format Version 12.00
# Visual Studio Version 16
VisualStudioVersion = 16.0.30907.101
MinimumVisualStudioVersion = 10.0.40219.1
Project("{FAE04EC0-301F-11D3-BF4B-00C04F79EFBC}") = "Tic-Tac-Toe", "Tic-Tac-Toe\Tic-Tac-Toe.csproj", "{D8D907D4-1549-4962-9E96-C9DC322CA6B7}"
EndProject
Global
	GlobalSection(SolutionConfigurationPlatforms) = preSolution
		Debug|Any CPU = Debug|Any CPU
		Release|Any CPU = Release|Any CPU
	EndGlobalSection
	GlobalSection(ProjectConfigurationPlatforms) = postSolution
		{D8D907D4-1549-4962-9E96-C9DC322CA6B7}.Debug|Any CPU.ActiveCfg = Debug|Any CPU
		{D8D907D4-1549-4962-9E96-C9DC322CA6B7}.Debug|Any CPU.Build.0 = Debug|Any CPU
		{D8D907D4-1549-4962-9E96-C9DC322CA6B7}.Release|Any CPU.ActiveCfg = Release|Any CPU
		{D8D907D4-1549-4962-9E96-C9DC322CA6B7}.Release|Any CPU.Build.0 = Release|Any CPU
	EndGlobalSection
	GlobalSection(SolutionProperties) = preSolution
		HideSolutionNode = FALSE
	EndGlobalSection
	GlobalSection(ExtensibilityGlobals) = postSolution
		SolutionGuid = {716B3BD6-A3FC-4FC4-8658-854D3C66617C}
	EndGlobalSection
EndGlobal
